
Microsoft Visual Studio Solution File, Format Version 12.00
# Visual Studio Version 16
VisualStudioVersion = 16.0.28606.126
MinimumVisualStudioVersion = 10.0.40219.1
Project("{FAE04EC0-301F-11D3-BF4B-00C04F79EFBC}") = "TorrentTrackerUpdater", "Torrent\TorrentTrackerUpdater.csproj", "{36EDE4CD-AE14-432E-A7F8-81B72C0F2DFE}"
EndProject
Global
	GlobalSection(SolutionConfigurationPlatforms) = preSolution
		Debug|Any CPU = Debug|Any CPU
		Release|Any CPU = Release|Any CPU
	EndGlobalSection
	GlobalSection(ProjectConfigurationPlatforms) = postSolution
		{36EDE4CD-AE14-432E-A7F8-81B72C0F2DFE}.Debug|Any CPU.ActiveCfg = Debug|Any CPU
		{36EDE4CD-AE14-432E-A7F8-81B72C0F2DFE}.Debug|Any CPU.Build.0 = Debug|Any CPU
		{36EDE4CD-AE14-432E-A7F8-81B72C0F2DFE}.Release|Any CPU.ActiveCfg = Release|Any CPU
		{36EDE4CD-AE14-432E-A7F8-81B72C0F2DFE}.Release|Any CPU.Build.0 = Release|Any CPU
	EndGlobalSection
	GlobalSection(SolutionProperties) = preSolution
		HideSolutionNode = FALSE
	EndGlobalSection
	GlobalSection(ExtensibilityGlobals) = postSolution
		SolutionGuid = {BE9435F4-69D8-43B9-B7B2-383AA3371437}
	EndGlobalSection
EndGlobal
